
Microsoft Visual Studio Solution File, Format Version 12.00
# Visual Studio Version 17
VisualStudioVersion = 17.8.34408.163
MinimumVisualStudioVersion = 10.0.40219.1
Project("{9A19103F-16F7-4668-BE54-9A1E7A4F7556}") = "CheckersGameV2", "CheckersGameV2\CheckersGameV2.csproj", "{001B95AD-612C-44FB-B0E7-105A3766981D}"
EndProject
Project("{9A19103F-16F7-4668-BE54-9A1E7A4F7556}") = "CheckerGameV2.Test", "CheckerGameV2.Test\CheckerGameV2.Test.csproj", "{ADA64EDB-5F30-40D4-8992-E8F9A3F27ADD}"
EndProject
Global
	GlobalSection(SolutionConfigurationPlatforms) = preSolution
		Debug|Any CPU = Debug|Any CPU
		Release|Any CPU = Release|Any CPU
	EndGlobalSection
	GlobalSection(ProjectConfigurationPlatforms) = postSolution
		{001B95AD-612C-44FB-B0E7-105A3766981D}.Debug|Any CPU.ActiveCfg = Debug|Any CPU
		{001B95AD-612C-44FB-B0E7-105A3766981D}.Debug|Any CPU.Build.0 = Debug|Any CPU
		{001B95AD-612C-44FB-B0E7-105A3766981D}.Release|Any CPU.ActiveCfg = Release|Any CPU
		{001B95AD-612C-44FB-B0E7-105A3766981D}.Release|Any CPU.Build.0 = Release|Any CPU
		{ADA64EDB-5F30-40D4-8992-E8F9A3F27ADD}.Debug|Any CPU.ActiveCfg = Debug|Any CPU
		{ADA64EDB-5F30-40D4-8992-E8F9A3F27ADD}.Debug|Any CPU.Build.0 = Debug|Any CPU
		{ADA64EDB-5F30-40D4-8992-E8F9A3F27ADD}.Release|Any CPU.ActiveCfg = Release|Any CPU
		{ADA64EDB-5F30-40D4-8992-E8F9A3F27ADD}.Release|Any CPU.Build.0 = Release|Any CPU
	EndGlobalSection
	GlobalSection(SolutionProperties) = preSolution
		HideSolutionNode = FALSE
	EndGlobalSection
	GlobalSection(ExtensibilityGlobals) = postSolution
		SolutionGuid = {0BE057C7-E575-4D76-867B-B31A0E1F6762}
	EndGlobalSection
EndGlobal
